{
  "name": "wx_market",
  "version": "1.0.0",
  "lockfileVersion": 1,
  "requires": true,
  "dependencies": {
    "iview-mpvue": {
      "version": "1.0.6",
      "resolved": "https://registry.npmjs.org/iview-mpvue/-/iview-mpvue-1.0.6.tgz",
      "integrity": "sha512-YzX1b0mgpckdEo/T1Q6mhp1nrh2DoZ4FwsCDFrbDwHtgbj05DPoQU3ZKu8OGG0+ryxZTAsD6Eo+2z4iJ8IDw9w=="
    }
  }
}
